
Microsoft Visual Studio Solution File, Format Version 12.00
# Visual Studio Version 16
VisualStudioVersion = 16.0.29215.179
MinimumVisualStudioVersion = 10.0.40219.1
Project("{FAE04EC0-301F-11D3-BF4B-00C04F79EFBC}") = "SoftwareLibrary", "SoftwareLibrary\SoftwareLibrary.csproj", "{BCC79C3B-F89B-427F-871B-D71673BC7E2A}"
EndProject
Global
	GlobalSection(SolutionConfigurationPlatforms) = preSolution
		Debug|Any CPU = Debug|Any CPU
		Release|Any CPU = Release|Any CPU
	EndGlobalSection
	GlobalSection(ProjectConfigurationPlatforms) = postSolution
		{BCC79C3B-F89B-427F-871B-D71673BC7E2A}.Debug|Any CPU.ActiveCfg = Debug|Any CPU
		{BCC79C3B-F89B-427F-871B-D71673BC7E2A}.Debug|Any CPU.Build.0 = Debug|Any CPU
		{BCC79C3B-F89B-427F-871B-D71673BC7E2A}.Release|Any CPU.ActiveCfg = Release|Any CPU
		{BCC79C3B-F89B-427F-871B-D71673BC7E2A}.Release|Any CPU.Build.0 = Release|Any CPU
	EndGlobalSection
	GlobalSection(SolutionProperties) = preSolution
		HideSolutionNode = FALSE
	EndGlobalSection
	GlobalSection(ExtensibilityGlobals) = postSolution
		SolutionGuid = {02F175A6-2437-4BDA-91C2-F5038BCCC7EB}
	EndGlobalSection
EndGlobal
